// !$*UTF8*$!
{
	archiveVersion = 1;
	classes = {
	};
	objectVersion = 50;
	objects = {

/* Begin PBXBuildFile section */
		A0448FD62548A9C000EFF83E /* AppDelegate.swift in Sources */ = {isa = PBXBuildFile; fileRef = A0448FD52548A9C000EFF83E /* AppDelegate.swift */; };
		A0448FD82548A9C000EFF83E /* SceneDelegate.swift in Sources */ = {isa = PBXBuildFile; fileRef = A0448FD72548A9C000EFF83E /* SceneDelegate.swift */; };
		A0448FDA2548A9C000EFF83E /* ViewController.swift in Sources */ = {isa = PBXBuildFile; fileRef = A0448FD92548A9C000EFF83E /* ViewController.swift */; };
		A0448FDD2548A9C000EFF83E /* Main.storyboard in Resources */ = {isa = PBXBuildFile; fileRef = A0448FDB2548A9C000EFF83E /* Main.storyboard */; };
		A0448FDF2548A9C100EFF83E /* Assets.xcassets in Resources */ = {isa = PBXBuildFile; fileRef = A0448FDE2548A9C100EFF83E /* Assets.xcassets */; };
		A0448FE22548A9C100EFF83E /* LaunchScreen.storyboard in Resources */ = {isa = PBXBuildFile; fileRef = A0448FE02548A9C100EFF83E /* LaunchScreen.storyboard */; };
/* End PBXBuildFile section */

/* Begin PBXFileReference section */
		A0448FD22548A9C000EFF83E /* BurgerViewMiniApp_HehnC.app */ = {isa = PBXFileReference; explicitFileType = wrapper.application; includeInIndex = 0; path = BurgerViewMiniApp_HehnC.app; sourceTree = BUILT_PRODUCTS_DIR; };
		A0448FD52548A9C000EFF83E /* AppDelegate.swift */ = {isa = PBXFileReference; lastKnownFileType = sourcecode.swift; path = AppDelegate.swift; sourceTree = "<group>"; };
		A0448FD72548A9C000EFF83E /* SceneDelegate.swift */ = {isa = PBXFileReference; lastKnownFileType = sourcecode.swift; path = SceneDelegate.swift; sourceTree = "<group>"; };
		A0448FD92548A9C000EFF83E /* ViewController.swift */ = {isa = PBXFileReference; lastKnownFileType = sourcecode.swift; path = ViewController.swift; sourceTree = "<group>"; };
		A0448FDC2548A9C000EFF83E /* Base */ = {isa = PBXFileReference; lastKnownFileType = file.storyboard; name = Base; path = Base.lproj/Main.storyboard; sourceTree = "<group>"; };
		A0448FDE2548A9C100EFF83E /* Assets.xcassets */ = {isa = PBXFileReference; lastKnownFileType = folder.assetcatalog; path = Assets.xcassets; sourceTree = "<group>"; };
		A0448FE12548A9C100EFF83E /* Base */ = {isa = PBXFileReference; lastKnownFileType = file.storyboard; name = Base; path = Base.lproj/LaunchScreen.storyboard; sourceTree = "<group>"; };
		A0448FE32548A9C100EFF83E /* Info.plist */ = {isa = PBXFileReference; lastKnownFileType = text.plist.xml; path = Info.plist; sourceTree = "<group>"; };
/* End PBXFileReference section */

/* Begin PBXFrameworksBuildPhase section */
		A0448FCF2548A9C000EFF83E /* Frameworks */ = {
			isa = PBXFrameworksBuildPhase;
			buildActionMask = 2147483647;
			files = (
			);
			runOnlyForDeploymentPostprocessing = 0;
		};
/* End PBXFrameworksBuildPhase section */

/* Begin PBXGroup section */
		A0448FC92548A9C000EFF83E = {
			isa = PBXGroup;
			children = (
				A0448FD42548A9C000EFF83E /* BurgerViewMiniApp_HehnC */,
				A0448FD32548A9C000EFF83E /* Products */,
			);
			sourceTree = "<group>";
		};
		A0448FD32548A9C000EFF83E /* Products */ = {
			isa = PBXGroup;
			children = (
				A0448FD22548A9C000EFF83E /* BurgerViewMiniApp_HehnC.app */,
			);
			name = Products;
			sourceTree = "<group>";
		};
		A0448FD42548A9C000EFF83E /* BurgerViewMiniApp_HehnC */ = {
			isa = PBXGroup;
			children = (
				A0448FD52548A9C000EFF83E /* AppDelegate.swift */,
				A0448FD72548A9C000EFF83E /* SceneDelegate.swift */,
				A0448FD92548A9C000EFF83E /* ViewController.swift */,
				A0448FDB2548A9C000EFF83E /* Main.storyboard */,
				A0448FDE2548A9C100EFF83E /* Assets.xcassets */,
				A0448FE02548A9C100EFF83E /* LaunchScreen.storyboard */,
				A0448FE32548A9C100EFF83E /* Info.plist */,
			);
			path = BurgerViewMiniApp_HehnC;
			sourceTree = "<group>";
		};
/* End PBXGroup section */

/* Begin PBXNativeTarget section */
		A0448FD12548A9C000EFF83E /* BurgerViewMiniApp_HehnC */ = {
			isa = PBXNativeTarget;
			buildConfigurationList = A0448FE62548A9C100EFF83E /* Build configuration list for PBXNativeTarget "BurgerViewMiniApp_HehnC" */;
			buildPhases = (
				A0448FCE2548A9C000EFF83E /* Sources */,
				A0448FCF2548A9C000EFF83E /* Frameworks */,
				A0448FD02548A9C000EFF83E /* Resources */,
			);
			buildRules = (
			);
			dependencies = (
			);
			name = BurgerViewMiniApp_HehnC;
			productName = BurgerViewMiniApp_HehnC;
			productReference = A0448FD22548A9C000EFF83E /* BurgerViewMiniApp_HehnC.app */;
			productType = "com.apple.product-type.application";
		};
/* End PBXNativeTarget section */

/* Begin PBXProject section */
		A0448FCA2548A9C000EFF83E /* Project object */ = {
			isa = PBXProject;
			attributes = {
				LastSwiftUpdateCheck = 1160;
				LastUpgradeCheck = 1160;
				ORGANIZATIONNAME = clc.hehn;
				TargetAttributes = {
					A0448FD12548A9C000EFF83E = {
						CreatedOnToolsVersion = 11.6;
					};
				};
			};
			buildConfigurationList = A0448FCD2548A9C000EFF83E /* Build configuration list for PBXProject "BurgerViewMiniApp_HehnC" */;
			compatibilityVersion = "Xcode 9.3";
			developmentRegion = en;
			hasScannedForEncodings = 0;
			knownRegions = (
				en,
				Base,
			);
			mainGroup = A0448FC92548A9C000EFF83E;
			productRefGroup = A0448FD32548A9C000EFF83E /* Products */;
			projectDirPath = "";
			projectRoot = "";
			targets = (
				A0448FD12548A9C000EFF83E /* BurgerViewMiniApp_HehnC */,
			);
		};
/* End PBXProject section */

/* Begin PBXResourcesBuildPhase section */
		A0448FD02548A9C000EFF83E /* Resources */ = {
			isa = PBXResourcesBuildPhase;
			buildActionMask = 2147483647;
			files = (
				A0448FE22548A9C100EFF83E /* LaunchScreen.storyboard in Resources */,
				A0448FDF2548A9C100EFF83E /* Assets.xcassets in Resources */,
				A0448FDD2548A9C000EFF83E /* Main.storyboard in Resources */,
			);
			runOnlyForDeploymentPostprocessing = 0;
		};
/* End PBXResourcesBuildPhase section */

/* Begin PBXSourcesBuildPhase section */
		A0448FCE2548A9C000EFF83E /* Sources */ = {
			isa = PBXSourcesBuildPhase;
			buildActionMask = 2147483647;
			files = (
				A0448FDA2548A9C000EFF83E /* ViewController.swift in Sources */,
				A0448FD62548A9C000EFF83E /* AppDelegate.swift in Sources */,
				A0448FD82548A9C000EFF83E /* SceneDelegate.swift in Sources */,
			);
			runOnlyForDeploymentPostprocessing = 0;
		};
/* End PBXSourcesBuildPhase section */

/* Begin PBXVariantGroup section */
		A0448FDB2548A9C000EFF83E /* Main.storyboard */ = {
			isa = PBXVariantGroup;
			children = (
				A0448FDC2548A9C000EFF83E /* Base */,
			);
			name = Main.storyboard;
			sourceTree = "<group>";
		};
		A0448FE02548A9C100EFF83E /* LaunchScreen.storyboard */ = {
			isa = PBXVariantGroup;
			children = (
				A0448FE12548A9C100EFF83E /* Base */,
			);
			name = LaunchScreen.storyboard;
			sourceTree = "<group>";
		};
/* End PBXVariantGroup section */

/* Begin XCBuildConfiguration section */
		A0448FE42548A9C100EFF83E /* Debug */ = {
			isa = XCBuildConfiguration;
			buildSettings = {
				ALWAYS_SEARCH_USER_PATHS = NO;
				CLANG_ANALYZER_NONNULL = YES;
				CLANG_ANALYZER_NUMBER_OBJECT_CONVERSION = YES_AGGRESSIVE;
				CLANG_CXX_LANGUAGE_STANDARD = "gnu++14";
				CLANG_CXX_LIBRARY = "libc++";
				CLANG_ENABLE_MODULES = YES;
				CLANG_ENABLE_OBJC_ARC = YES;
				CLANG_ENABLE_OBJC_WEAK = YES;
				CLANG_WARN_BLOCK_CAPTURE_AUTORELEASING = YES;
				CLANG_WARN_BOOL_CONVERSION = YES;
				CLANG_WARN_COMMA = YES;
				CLANG_WARN_CONSTANT_CONVERSION = YES;
				CLANG_WARN_DEPRECATED_OBJC_IMPLEMENTATIONS = YES;
				CLANG_WARN_DIRECT_OBJC_ISA_USAGE = YES_ERROR;
				CLANG_WARN_DOCUMENTATION_COMMENTS = YES;
				CLANG_WARN_EMPTY_BODY = YES;
				CLANG_WARN_ENUM_CONVERSION = YES;
				CLANG_WARN_INFINITE_RECURSION = YES;
				CLANG_WARN_INT_CONVERSION = YES;
				CLANG_WARN_NON_LITERAL_NULL_CONVERSION = YES;
				CLANG_WARN_OBJC_IMPLICIT_RETAIN_SELF = YES;
				CLANG_WARN_OBJC_LITERAL_CONVERSION = YES;
				CLANG_WARN_OBJC_ROOT_CLASS = YES_ERROR;
				CLANG_WARN_RANGE_LOOP_ANALYSIS = YES;
				CLANG_WARN_STRICT_PROTOTYPES = YES;
				CLANG_WARN_SUSPICIOUS_MOVE = YES;
				CLANG_WARN_UNGUARDED_AVAILABILITY = YES_AGGRESSIVE;
				CLANG_WARN_UNREACHABLE_CODE = YES;
				CLANG_WARN__DUPLICATE_METHOD_MATCH = YES;
				COPY_PHASE_STRIP = NO;
				DEBUG_INFORMATION_FORMAT = dwarf;
				ENABLE_STRICT_OBJC_MSGSEND = YES;
				ENABLE_TESTABILITY = YES;
				GCC_C_LANGUAGE_STANDARD = gnu11;
				GCC_DYNAMIC_NO_PIC = NO;
				GCC_NO_COMMON_BLOCKS = YES;
				GCC_OPTIMIZATION_LEVEL = 0;
				GCC_PREPROCESSOR_DEFINITIONS = (
					"DEBUG=1",
					"$(inherited)",
				);
				GCC_WARN_64_TO_32_BIT_CONVERSION = YES;
				GCC_WARN_ABOUT_RETURN_TYPE = YES_ERROR;
				GCC_WARN_UNDECLARED_SELECTOR = YES;
				GCC_WARN_UNINITIALIZED_AUTOS = YES_AGGRESSIVE;
				GCC_WARN_UNUSED_FUNCTION = YES;
				GCC_WARN_UNUSED_VARIABLE = YES;
				IPHONEOS_DEPLOYMENT_TARGET = 13.6;
				MTL_ENABLE_DEBUG_INFO = INCLUDE_SOURCE;
				MTL_FAST_MATH = YES;
				ONLY_ACTIVE_ARCH = YES;
				SDKROOT = iphoneos;
				SWIFT_ACTIVE_COMPILATION_CONDITIONS = DEBUG;
				SWIFT_OPTIMIZATION_LEVEL = "-Onone";
			};
			name = Debug;
		};
		A0448FE52548A9C100EFF83E /* Release */ = {
			isa = XCBuildConfiguration;
			buildSettings = {
				ALWAYS_SEARCH_USER_PATHS = NO;
				CLANG_ANALYZER_NONNULL = YES;
				CLANG_ANALYZER_NUMBER_OBJECT_CONVERSION = YES_AGGRESSIVE;
				CLANG_CXX_LANGUAGE_STANDARD = "gnu++14";
				CLANG_CXX_LIBRARY = "libc++";
				CLANG_ENABLE_MODULES = YES;
				CLANG_ENABLE_OBJC_ARC = YES;
				CLANG_ENABLE_OBJC_WEAK = YES;
				CLANG_WARN_BLOCK_CAPTURE_AUTORELEASING = YES;
				CLANG_WARN_BOOL_CONVERSION = YES;
				CLANG_WARN_COMMA = YES;
				CLANG_WARN_CONSTANT_CONVERSION = YES;
				CLANG_WARN_DEPRECATED_OBJC_IMPLEMENTATIONS = YES;
				CLANG_WARN_DIRECT_OBJC_ISA_USAGE = YES_ERROR;
				CLANG_WARN_DOCUMENTATION_COMMENTS = YES;
				CLANG_WARN_EMPTY_BODY = YES;
				CLANG_WARN_ENUM_CONVERSION = YES;
				CLANG_WARN_INFINITE_RECURSION = YES;
				CLANG_WARN_INT_CONVERSION = YES;
				CLANG_WARN_NON_LITERAL_NULL_CONVERSION = YES;
				CLANG_WARN_OBJC_IMPLICIT_RETAIN_SELF = YES;
				CLANG_WARN_OBJC_LITERAL_CONVERSION = YES;
				CLANG_WARN_OBJC_ROOT_CLASS = YES_ERROR;
				CLANG_WARN_RANGE_LOOP_ANALYSIS = YES;
				CLANG_WARN_STRICT_PROTOTYPES = YES;
				CLANG_WARN_SUSPICIOUS_MOVE = YES;
				CLANG_WARN_UNGUARDED_AVAILABILITY = YES_AGGRESSIVE;
				CLANG_WARN_UNREACHABLE_CODE = YES;
				CLANG_WARN__DUPLICATE_METHOD_MATCH = YES;
				COPY_PHASE_STRIP = NO;
				DEBUG_INFORMATION_FORMAT = "dwarf-with-dsym";
				ENABLE_NS_ASSERTIONS = NO;
				ENABLE_STRICT_OBJC_MSGSEND = YES;
				GCC_C_LANGUAGE_STANDARD = gnu11;
				GCC_NO_COMMON_BLOCKS = YES;
				GCC_WARN_64_TO_32_BIT_CONVERSION = YES;
				GCC_WARN_ABOUT_RETURN_TYPE = YES_ERROR;
				GCC_WARN_UNDECLARED_SELECTOR = YES;
				GCC_WARN_UNINITIALIZED_AUTOS = YES_AGGRESSIVE;
				GCC_WARN_UNUSED_FUNCTION = YES;
				GCC_WARN_UNUSED_VARIABLE = YES;
				IPHONEOS_DEPLOYMENT_TARGET = 13.6;
				MTL_ENABLE_DEBUG_INFO = NO;
				MTL_FAST_MATH = YES;
				SDKROOT = iphoneos;
				SWIFT_COMPILATION_MODE = wholemodule;
				SWIFT_OPTIMIZATION_LEVEL = "-O";
				VALIDATE_PRODUCT = YES;
			};
			name = Release;
		};
		A0448FE72548A9C100EFF83E /* Debug */ = {
			isa = XCBuildConfiguration;
			buildSettings = {
				ASSETCATALOG_COMPILER_APPICON_NAME = AppIcon;
				CODE_SIGN_STYLE = Automatic;
				DEVELOPMENT_TEAM = 2UDGGVXZU5;
				INFOPLIST_FILE = BurgerViewMiniApp_HehnC/Info.plist;
				LD_RUNPATH_SEARCH_PATHS = (
					"$(inherited)",
					"@executable_path/Frameworks",
				);
				PRODUCT_BUNDLE_IDENTIFIER = "CLC.BurgerViewMiniApp-HehnC";
				PRODUCT_NAME = "$(TARGET_NAME)";
				SWIFT_VERSION = 5.0;
				TARGETED_DEVICE_FAMILY = "1,2";
			};
			name = Debug;
		};
		A0448FE82548A9C100EFF83E /* Release */ = {
			isa = XCBuildConfiguration;
			buildSettings = {
				ASSETCATALOG_COMPILER_APPICON_NAME = AppIcon;
				CODE_SIGN_STYLE = Automatic;
				DEVELOPMENT_TEAM = 2UDGGVXZU5;
				INFOPLIST_FILE = BurgerViewMiniApp_HehnC/Info.plist;
				LD_RUNPATH_SEARCH_PATHS = (
					"$(inherited)",
					"@executable_path/Frameworks",
				);
				PRODUCT_BUNDLE_IDENTIFIER = "CLC.BurgerViewMiniApp-HehnC";
				PRODUCT_NAME = "$(TARGET_NAME)";
				SWIFT_VERSION = 5.0;
				TARGETED_DEVICE_FAMILY = "1,2";
			};
			name = Release;
		};
/* End XCBuildConfiguration section */

/* Begin XCConfigurationList section */
		A0448FCD2548A9C000EFF83E /* Build configuration list for PBXProject "BurgerViewMiniApp_HehnC" */ = {
			isa = XCConfigurationList;
			buildConfigurations = (
				A0448FE42548A9C100EFF83E /* Debug */,
				A0448FE52548A9C100EFF83E /* Release */,
			);
			defaultConfigurationIsVisible = 0;
			defaultConfigurationName = Release;
		};
		A0448FE62548A9C100EFF83E /* Build configuration list for PBXNativeTarget "BurgerViewMiniApp_HehnC" */ = {
			isa = XCConfigurationList;
			buildConfigurations = (
				A0448FE72548A9C100EFF83E /* Debug */,
				A0448FE82548A9C100EFF83E /* Release */,
			);
			defaultConfigurationIsVisible = 0;
			defaultConfigurationName = Release;
		};
/* End XCConfigurationList section */
	};
	rootObject = A0448FCA2548A9C000EFF83E /* Project object */;
}
